
Microsoft Visual Studio Solution File, Format Version 12.00
# Visual Studio Version 17
VisualStudioVersion = 17.11.35431.28
MinimumVisualStudioVersion = 10.0.40219.1
Project("{9A19103F-16F7-4668-BE54-9A1E7A4F7556}") = "MorganMWJ.WordsearchMaker", "MorganMWJ.WordsearchMaker\MorganMWJ.WordsearchMaker.csproj", "{208DE61E-A877-4205-9119-E4088B1A205E}"
EndProject
Project("{2150E333-8FDC-42A3-9474-1A3956D46DE8}") = "Solution Items", "Solution Items", "{8E908901-C634-41DA-AB57-8FF93CBCBEC0}"
	ProjectSection(SolutionItems) = preProject
		License.txt = License.txt
		README.md = README.md
	EndProjectSection
EndProject
Project("{FAE04EC0-301F-11D3-BF4B-00C04F79EFBC}") = "MorganMWJ.WordsearchMaker.Tests", "MorganMWJ.WordsearchMaker.Tests\MorganMWJ.WordsearchMaker.Tests.csproj", "{ECF2AA59-FE73-48BE-AE30-460DFCD547D1}"
EndProject
Project("{FAE04EC0-301F-11D3-BF4B-00C04F79EFBC}") = "MorganMWJ.WordsearchMaker.Console", "MorganMWJ.WordsearchMaker.Console\MorganMWJ.WordsearchMaker.Console.csproj", "{6B5FFEDF-7C18-7A02-467C-97DC341C829D}"
EndProject
Project("{FAE04EC0-301F-11D3-BF4B-00C04F79EFBC}") = "MorganMWJ.WordsearchMaker.Api", "MorganMWJ.WordsearchMaker.Api\MorganMWJ.WordsearchMaker.Api.csproj", "{4B3E1C0B-5C2A-4720-872B-E6AC7C813CDF}"
EndProject
Global
	GlobalSection(SolutionConfigurationPlatforms) = preSolution
		Debug|Any CPU = Debug|Any CPU
		Release|Any CPU = Release|Any CPU
	EndGlobalSection
	GlobalSection(ProjectConfigurationPlatforms) = postSolution
		{208DE61E-A877-4205-9119-E4088B1A205E}.Debug|Any CPU.ActiveCfg = Debug|Any CPU
		{208DE61E-A877-4205-9119-E4088B1A205E}.Debug|Any CPU.Build.0 = Debug|Any CPU
		{208DE61E-A877-4205-9119-E4088B1A205E}.Release|Any CPU.ActiveCfg = Release|Any CPU
		{208DE61E-A877-4205-9119-E4088B1A205E}.Release|Any CPU.Build.0 = Release|Any CPU
		{ECF2AA59-FE73-48BE-AE30-460DFCD547D1}.Debug|Any CPU.ActiveCfg = Debug|Any CPU
		{ECF2AA59-FE73-48BE-AE30-460DFCD547D1}.Debug|Any CPU.Build.0 = Debug|Any CPU
		{ECF2AA59-FE73-48BE-AE30-460DFCD547D1}.Release|Any CPU.ActiveCfg = Release|Any CPU
		{ECF2AA59-FE73-48BE-AE30-460DFCD547D1}.Release|Any CPU.Build.0 = Release|Any CPU
		{6B5FFEDF-7C18-7A02-467C-97DC341C829D}.Debug|Any CPU.ActiveCfg = Debug|Any CPU
		{6B5FFEDF-7C18-7A02-467C-97DC341C829D}.Debug|Any CPU.Build.0 = Debug|Any CPU
		{6B5FFEDF-7C18-7A02-467C-97DC341C829D}.Release|Any CPU.ActiveCfg = Release|Any CPU
		{6B5FFEDF-7C18-7A02-467C-97DC341C829D}.Release|Any CPU.Build.0 = Release|Any CPU
		{4B3E1C0B-5C2A-4720-872B-E6AC7C813CDF}.Debug|Any CPU.ActiveCfg = Debug|Any CPU
		{4B3E1C0B-5C2A-4720-872B-E6AC7C813CDF}.Debug|Any CPU.Build.0 = Debug|Any CPU
		{4B3E1C0B-5C2A-4720-872B-E6AC7C813CDF}.Release|Any CPU.ActiveCfg = Release|Any CPU
		{4B3E1C0B-5C2A-4720-872B-E6AC7C813CDF}.Release|Any CPU.Build.0 = Release|Any CPU
	EndGlobalSection
	GlobalSection(SolutionProperties) = preSolution
		HideSolutionNode = FALSE
	EndGlobalSection
	GlobalSection(ExtensibilityGlobals) = postSolution
		SolutionGuid = {A8D95413-3CA8-4D41-B0DE-5986CC0CD6C3}
	EndGlobalSection
EndGlobal
